version = 1
revision = 3
requires-python = ">=3.13"

[[package]]
name = "ua-generator"
version = "2.1.1"
source = { registry = "https://pypi.org/simple" }
sdist = { url = "https://files.pythonhosted.org/packages/2b/4a/46aa28f8eb83969ef8e1e8ae521147de966916de85ae6729d2d97480be15/ua_generator-2.1.1.tar.gz", hash = "sha256:c01984c1055da4900c8a1f4c419f229fa454caf42d8642267aec1904110d1c8d", size = 29642, upload-time = "2026-05-24T09:48:47.008Z" }
wheels = [
    { url = "https://files.pythonhosted.org/packages/60/8c/a9f0161f2a34752987199425fec7f0068b012a02c98551615a9b82cbd70a/ua_generator-2.1.1-py3-none-any.whl", hash = "sha256:d8fd6e39e44dc057dd232d5f808fe0f61dab4a3163903cfe24446777ecdd2ec4", size = 32769, upload-time = "2026-05-24T09:48:45.44Z" },
]

[[package]]
name = "yt-console-downloader"
version = "0.1.0"
source = { virtual = "." }
dependencies = [
    { name = "ua-generator" },
    { name = "yt-dlp" },
]

[package.metadata]
requires-dist = [
    { name = "ua-generator", specifier = "==2.1.1" },
    { name = "yt-dlp", specifier = ">=2026.3.17" },
]

[[package]]
name = "yt-dlp"
version = "2026.3.17"
source = { registry = "https://pypi.org/simple" }
sdist = { url = "https://files.pythonhosted.org/packages/8b/34/7c6b4e3f89cb6416d2cd7ab6dab141a1df97ab0fb22d15816db2c92148c9/yt_dlp-2026.3.17.tar.gz", hash = "sha256:ba7aa31d533f1ffccfe70e421596d7ca8ff0bf1398dc6bb658b7d9dec057d2c9", size = 3119221, upload-time = "2026-03-17T23:43:00.244Z" }
wheels = [
    { url = "https://files.pythonhosted.org/packages/cd/13/5093bcb954878e50f7217fd2ab94282b53934022e4e4a03265582da83bf5/yt_dlp-2026.3.17-py3-none-any.whl", hash = "sha256:32992db94303a8a5d211a183f2174834fe7f8c29d83ed2e7a324eae97a8f26d8", size = 3315134, upload-time = "2026-03-17T23:42:57.863Z" },
]
